# This file is automatically @generated by Poetry 1.5.1 and should not be changed by hand.

[[package]]
name = "table2cell"
version = "1.0.0"
description = "Segment cells of the table to image per cell"
optional = false
python-versions = ">=3.8,<3.10"
files = []
develop = true

[package.source]
type = "directory"
url = "apps/services/table2cell"

[metadata]
lock-version = "2.0"
python-versions = ">=3.8,<3.10"
content-hash = "7fb07fabebfff0ccaeb80750382ce55b5d003034b54453564cc2b7c33445f35e"
